
Microsoft Visual Studio Solution File, Format Version 12.00
# Visual Studio Version 16
VisualStudioVersion = 16.0.30907.101
MinimumVisualStudioVersion = 10.0.40219.1
Project("{E24C65DC-7377-472B-9ABA-BC803B73C61A}") = "DBMgmt", "DBMgmt\", "{250163E9-5837-41C2-B993-F29617975DC0}"
	ProjectSection(WebsiteProperties) = preProject
		TargetFrameworkMoniker = ".NETFramework,Version%3Dv4.7.2"
		Debug.AspNetCompiler.VirtualPath = "/localhost_51844"
		Debug.AspNetCompiler.PhysicalPath = "DBMgmt\"
		Debug.AspNetCompiler.TargetPath = "PrecompiledWeb\localhost_51844\"
		Debug.AspNetCompiler.Updateable = "true"
		Debug.AspNetCompiler.ForceOverwrite = "true"
		Debug.AspNetCompiler.FixedNames = "false"
		Debug.AspNetCompiler.Debug = "True"
		Release.AspNetCompiler.VirtualPath = "/localhost_51844"
		Release.AspNetCompiler.PhysicalPath = "DBMgmt\"
		Release.AspNetCompiler.TargetPath = "PrecompiledWeb\localhost_51844\"
		Release.AspNetCompiler.Updateable = "true"
		Release.AspNetCompiler.ForceOverwrite = "true"
		Release.AspNetCompiler.FixedNames = "false"
		Release.AspNetCompiler.Debug = "False"
		VWDPort = "51844"
		SlnRelativePath = "DBMgmt\"
		DefaultWebSiteLanguage = "Visual C#"
	EndProjectSection
EndProject
Global
	GlobalSection(SolutionConfigurationPlatforms) = preSolution
		Debug|Any CPU = Debug|Any CPU
	EndGlobalSection
	GlobalSection(ProjectConfigurationPlatforms) = postSolution
		{250163E9-5837-41C2-B993-F29617975DC0}.Debug|Any CPU.ActiveCfg = Debug|Any CPU
		{250163E9-5837-41C2-B993-F29617975DC0}.Debug|Any CPU.Build.0 = Debug|Any CPU
	EndGlobalSection
	GlobalSection(SolutionProperties) = preSolution
		HideSolutionNode = FALSE
	EndGlobalSection
	GlobalSection(ExtensibilityGlobals) = postSolution
		SolutionGuid = {FCD57860-2D00-442C-9558-1A670DD082BB}
	EndGlobalSection
EndGlobal
